
Microsoft Visual Studio Solution File, Format Version 12.00
# Visual Studio Version 17
VisualStudioVersion = 17.14.36203.30
MinimumVisualStudioVersion = 10.0.40219.1
Project("{FAE04EC0-301F-11D3-BF4B-00C04F79EFBC}") = "DevTest-API", "DevTest-API.csproj", "{5754D1BE-2AAD-49D0-AF87-9F99E6C13056}"
EndProject
Project("{FAE04EC0-301F-11D3-BF4B-00C04F79EFBC}") = "DevTest_API.Tests", "..\DevTest_API.Tests\DevTest_API.Tests.csproj", "{13ABAFF4-2F0F-402D-B658-D0EEC4AF601D}"
EndProject
Global
	GlobalSection(SolutionConfigurationPlatforms) = preSolution
		Debug|Any CPU = Debug|Any CPU
		Release|Any CPU = Release|Any CPU
	EndGlobalSection
	GlobalSection(ProjectConfigurationPlatforms) = postSolution
		{5754D1BE-2AAD-49D0-AF87-9F99E6C13056}.Debug|Any CPU.ActiveCfg = Debug|Any CPU
		{5754D1BE-2AAD-49D0-AF87-9F99E6C13056}.Debug|Any CPU.Build.0 = Debug|Any CPU
		{5754D1BE-2AAD-49D0-AF87-9F99E6C13056}.Release|Any CPU.ActiveCfg = Release|Any CPU
		{5754D1BE-2AAD-49D0-AF87-9F99E6C13056}.Release|Any CPU.Build.0 = Release|Any CPU
		{13ABAFF4-2F0F-402D-B658-D0EEC4AF601D}.Debug|Any CPU.ActiveCfg = Debug|Any CPU
		{13ABAFF4-2F0F-402D-B658-D0EEC4AF601D}.Debug|Any CPU.Build.0 = Debug|Any CPU
		{13ABAFF4-2F0F-402D-B658-D0EEC4AF601D}.Release|Any CPU.ActiveCfg = Release|Any CPU
		{13ABAFF4-2F0F-402D-B658-D0EEC4AF601D}.Release|Any CPU.Build.0 = Release|Any CPU
	EndGlobalSection
	GlobalSection(SolutionProperties) = preSolution
		HideSolutionNode = FALSE
	EndGlobalSection
	GlobalSection(ExtensibilityGlobals) = postSolution
		SolutionGuid = {A8A906FA-DE73-4E38-BE8C-F2A043227B1D}
	EndGlobalSection
EndGlobal
